
Microsoft Visual Studio Solution File, Format Version 12.00
# Visual Studio Version 16
VisualStudioVersion = 16.0.29613.14
MinimumVisualStudioVersion = 10.0.40219.1
Project("{8BC9CEB8-8B4A-11D0-8D11-00A0C91BC942}") = "assignment1", "assignment1\assignment1.vcxproj", "{BE2848D2-E7D8-42CC-A04F-0794F9D5BEAA}"
EndProject
Global
	GlobalSection(SolutionConfigurationPlatforms) = preSolution
		Debug|x64 = Debug|x64
		Debug|x86 = Debug|x86
		Release|x64 = Release|x64
		Release|x86 = Release|x86
	EndGlobalSection
	GlobalSection(ProjectConfigurationPlatforms) = postSolution
		{BE2848D2-E7D8-42CC-A04F-0794F9D5BEAA}.Debug|x64.ActiveCfg = Debug|x64
		{BE2848D2-E7D8-42CC-A04F-0794F9D5BEAA}.Debug|x64.Build.0 = Debug|x64
		{BE2848D2-E7D8-42CC-A04F-0794F9D5BEAA}.Debug|x86.ActiveCfg = Debug|Win32
		{BE2848D2-E7D8-42CC-A04F-0794F9D5BEAA}.Debug|x86.Build.0 = Debug|Win32
		{BE2848D2-E7D8-42CC-A04F-0794F9D5BEAA}.Release|x64.ActiveCfg = Release|x64
		{BE2848D2-E7D8-42CC-A04F-0794F9D5BEAA}.Release|x64.Build.0 = Release|x64
		{BE2848D2-E7D8-42CC-A04F-0794F9D5BEAA}.Release|x86.ActiveCfg = Release|Win32
		{BE2848D2-E7D8-42CC-A04F-0794F9D5BEAA}.Release|x86.Build.0 = Release|Win32
	EndGlobalSection
	GlobalSection(SolutionProperties) = preSolution
		HideSolutionNode = FALSE
	EndGlobalSection
	GlobalSection(ExtensibilityGlobals) = postSolution
		SolutionGuid = {C1E90D61-C409-4FC5-AD83-9D4D01097297}
	EndGlobalSection
EndGlobal
